// !$*UTF8*$!
{
	archiveVersion = 1;
	classes = {
	};
	objectVersion = 46;
	objects = {

/* Begin PBXBuildFile section */
		1826C27920287030007BD92D /* Model7toModel8.xcmappingmodel in Sources */ = {isa = PBXBuildFile; fileRef = 1826C27820287030007BD92D /* Model7toModel8.xcmappingmodel */; };
		1826C292202871F7007BD92D /* LocationAtShop+CoreDataProperties.m in Sources */ = {isa = PBXBuildFile; fileRef = 1826C27A202871EC007BD92D /* LocationAtShop+CoreDataProperties.m */; };
		1826C293202871F7007BD92D /* LocationAtHome+CoreDataProperties.m in Sources */ = {isa = PBXBuildFile; fileRef = 1826C27C202871ED007BD92D /* LocationAtHome+CoreDataProperties.m */; };
		1826C294202871F7007BD92D /* Item_Photo+CoreDataProperties.m in Sources */ = {isa = PBXBuildFile; fileRef = 1826C27F202871ED007BD92D /* Item_Photo+CoreDataProperties.m */; };
		1826C295202871F7007BD92D /* Location+CoreDataClass.m in Sources */ = {isa = PBXBuildFile; fileRef = 1826C283202871EE007BD92D /* Location+CoreDataClass.m */; };
		1826C296202871F7007BD92D /* Item+CoreDataClass.m in Sources */ = {isa = PBXBuildFile; fileRef = 1826C284202871EF007BD92D /* Item+CoreDataClass.m */; };
		1826C297202871F7007BD92D /* Item+CoreDataProperties.m in Sources */ = {isa = PBXBuildFile; fileRef = 1826C285202871EF007BD92D /* Item+CoreDataProperties.m */; };
		1826C298202871F7007BD92D /* Unit+CoreDataClass.m in Sources */ = {isa = PBXBuildFile; fileRef = 1826C286202871EF007BD92D /* Unit+CoreDataClass.m */; };
		1826C299202871F7007BD92D /* LocationAtHome+CoreDataClass.m in Sources */ = {isa = PBXBuildFile; fileRef = 1826C28A202871F2007BD92D /* LocationAtHome+CoreDataClass.m */; };
		1826C29A202871F7007BD92D /* Location+CoreDataProperties.m in Sources */ = {isa = PBXBuildFile; fileRef = 1826C28C202871F4007BD92D /* Location+CoreDataProperties.m */; };
		1826C29B202871F7007BD92D /* LocationAtShop+CoreDataClass.m in Sources */ = {isa = PBXBuildFile; fileRef = 1826C28D202871F5007BD92D /* LocationAtShop+CoreDataClass.m */; };
		1826C29C202871F7007BD92D /* Unit+CoreDataProperties.m in Sources */ = {isa = PBXBuildFile; fileRef = 1826C28F202871F6007BD92D /* Unit+CoreDataProperties.m */; };
		1826C29D202871F7007BD92D /* Item_Photo+CoreDataClass.m in Sources */ = {isa = PBXBuildFile; fileRef = 1826C290202871F6007BD92D /* Item_Photo+CoreDataClass.m */; };
		1826C2B720287F70007BD92D /* DefaultData.sqlite in Resources */ = {isa = PBXBuildFile; fileRef = 1826C2B620287F70007BD92D /* DefaultData.sqlite */; };
		1826C2BA202987BA007BD92D /* GroceryHead.png in Resources */ = {isa = PBXBuildFile; fileRef = 1826C2B9202987BA007BD92D /* GroceryHead.png */; };
		A427647620174C9C00A0AC28 /* FSItemVC.m in Sources */ = {isa = PBXBuildFile; fileRef = A427647520174C9C00A0AC28 /* FSItemVC.m */; };
		A42764792018B29C00A0AC28 /* FSUnitTVC.m in Sources */ = {isa = PBXBuildFile; fileRef = A42764782018B29C00A0AC28 /* FSUnitTVC.m */; };
		A427647C201982D300A0AC28 /* FSUnitVC.m in Sources */ = {isa = PBXBuildFile; fileRef = A427647B201982D300A0AC28 /* FSUnitVC.m */; };
		A42764862019C47900A0AC28 /* FSLocationsAtHomeTVC.m in Sources */ = {isa = PBXBuildFile; fileRef = A42764852019C47900A0AC28 /* FSLocationsAtHomeTVC.m */; };
		A42764892019C49D00A0AC28 /* FSLocationAtShopTVC.m in Sources */ = {isa = PBXBuildFile; fileRef = A42764882019C49D00A0AC28 /* FSLocationAtShopTVC.m */; };
		A427648C201A035800A0AC28 /* FSLocationAtHomeVC.m in Sources */ = {isa = PBXBuildFile; fileRef = A427648B201A035800A0AC28 /* FSLocationAtHomeVC.m */; };
		A427648F201A03AE00A0AC28 /* FSLocationAtShopVC.m in Sources */ = {isa = PBXBuildFile; fileRef = A427648E201A03AE00A0AC28 /* FSLocationAtShopVC.m */; };
		A44499D2201F007E000974C1 /* FSCoreDataPickerTF.m in Sources */ = {isa = PBXBuildFile; fileRef = A44499D1201F007E000974C1 /* FSCoreDataPickerTF.m */; };
		A44499E1201F1BEE000974C1 /* FSUnitPickerTF.m in Sources */ = {isa = PBXBuildFile; fileRef = A44499E0201F1BEE000974C1 /* FSUnitPickerTF.m */; };
		A44499E4201F38F0000974C1 /* FSLocationAtHomePickerTF.m in Sources */ = {isa = PBXBuildFile; fileRef = A44499E3201F38F0000974C1 /* FSLocationAtHomePickerTF.m */; };
		A44499E7201F3916000974C1 /* FSLocationAtShopPickerTF.m in Sources */ = {isa = PBXBuildFile; fileRef = A44499E6201F3916000974C1 /* FSLocationAtShopPickerTF.m */; };
		A44499E92020505B000974C1 /* DefaultData.xml in Resources */ = {isa = PBXBuildFile; fileRef = A44499E82020505B000974C1 /* DefaultData.xml */; };
		A44499EC20205EDF000974C1 /* FSCoreDataImporter.m in Sources */ = {isa = PBXBuildFile; fileRef = A44499EB20205EDF000974C1 /* FSCoreDataImporter.m */; };
		A4794BB81FE7DE1000ED9F33 /* Default-568h@2x.png in Resources */ = {isa = PBXBuildFile; fileRef = A4794BB71FE7DE1000ED9F33 /* Default-568h@2x.png */; };
		A4794BD91FE7E37F00ED9F33 /* FSCoreDataTVC.m in Sources */ = {isa = PBXBuildFile; fileRef = A4794BD81FE7E37F00ED9F33 /* FSCoreDataTVC.m */; };
		A4B1F6D4201051A300039612 /* FSRootTabController.m in Sources */ = {isa = PBXBuildFile; fileRef = A4B1F6D3201051A300039612 /* FSRootTabController.m */; };
		A4B1F6D820107A2500039612 /* FSPrepareTVC.m in Sources */ = {isa = PBXBuildFile; fileRef = A4B1F6D720107A2500039612 /* FSPrepareTVC.m */; };
		A4B1F6DB20107A4600039612 /* FSShopVC.m in Sources */ = {isa = PBXBuildFile; fileRef = A4B1F6DA20107A4600039612 /* FSShopVC.m */; };
		A4D6C7C21FD67C9D0066251F /* main.m in Sources */ = {isa = PBXBuildFile; fileRef = A4D6C7C11FD67C9D0066251F /* main.m */; };
		A4D6C7C51FD67C9D0066251F /* AppDelegate.m in Sources */ = {isa = PBXBuildFile; fileRef = A4D6C7C41FD67C9D0066251F /* AppDelegate.m */; };
		A4D6C7CD1FD67C9D0066251F /* Assets.xcassets in Resources */ = {isa = PBXBuildFile; fileRef = A4D6C7CC1FD67C9D0066251F /* Assets.xcassets */; };
		A4D6C7DB1FD67C9E0066251F /* FieldShopTests.m in Sources */ = {isa = PBXBuildFile; fileRef = A4D6C7DA1FD67C9E0066251F /* FieldShopTests.m */; };
		A4D6C7E61FD67C9E0066251F /* FieldShopUITests.m in Sources */ = {isa = PBXBuildFile; fileRef = A4D6C7E51FD67C9E0066251F /* FieldShopUITests.m */; };
		A4D6C7F51FD67D3A0066251F /* CoreData.framework in Frameworks */ = {isa = PBXBuildFile; fileRef = A4D6C7F41FD67D3A0066251F /* CoreData.framework */; };
		A4D6C7F91FD67FD30066251F /* FSCoreDataHelper.m in Sources */ = {isa = PBXBuildFile; fileRef = A4D6C7F81FD67FD30066251F /* FSCoreDataHelper.m */; };
		A4D6C80A1FD7D06C0066251F /* Model.xcdatamodeld in Sources */ = {isa = PBXBuildFile; fileRef = A4D6C8081FD7D06C0066251F /* Model.xcdatamodeld */; };
		A4D6C8391FD7F5E80066251F /* FSRootViewController.m in Sources */ = {isa = PBXBuildFile; fileRef = A4D6C8381FD7F5E80066251F /* FSRootViewController.m */; };
		A4D6C84A1FD92AE10066251F /* Model2ToModel3.xcmappingmodel in Sources */ = {isa = PBXBuildFile; fileRef = A4D6C8491FD92AE10066251F /* Model2ToModel3.xcmappingmodel */; };
		A4FC4AC51FDAB0040028704B /* FSMigrationViewController.m in Sources */ = {isa = PBXBuildFile; fileRef = A4FC4AC41FDAB0040028704B /* FSMigrationViewController.m */; };
		A4FC4ACA1FDAB6CA0028704B /* Model3ToModel4.xcmappingmodel in Sources */ = {isa = PBXBuildFile; fileRef = A4FC4AC91FDAB6CA0028704B /* Model3ToModel4.xcmappingmodel */; };
		D132B723DFEF8C19958D2AB6 /* libPods-FieldShop.a in Frameworks */ = {isa = PBXBuildFile; fileRef = 23EA6505C99D054B43D90681 /* libPods-FieldShop.a */; };
/* End PBXBuildFile section */

/* Begin PBXContainerItemProxy section */
		A4D6C7D71FD67C9E0066251F /* PBXContainerItemProxy */ = {
			isa = PBXContainerItemProxy;
			containerPortal = A4D6C7B51FD67C9D0066251F /* Project object */;
			proxyType = 1;
			remoteGlobalIDString = A4D6C7BC1FD67C9D0066251F;
			remoteInfo = FieldShop;
		};
		A4D6C7E21FD67C9E0066251F /* PBXContainerItemProxy */ = {
			isa = PBXContainerItemProxy;
			containerPortal = A4D6C7B51FD67C9D0066251F /* Project object */;
			proxyType = 1;
			remoteGlobalIDString = A4D6C7BC1FD67C9D0066251F;
			remoteInfo = FieldShop;
		};
/* End PBXContainerItemProxy section */

/* Begin PBXFileReference section */
		1826C26C20285CED007BD92D /* Model 7.xcdatamodel */ = {isa = PBXFileReference; lastKnownFileType = wrapper.xcdatamodel; path = "Model 7.xcdatamodel"; sourceTree = "<group>"; };
		1826C27720285FF3007BD92D /* Model 8.xcdatamodel */ = {isa = PBXFileReference; lastKnownFileType = wrapper.xcdatamodel; path = "Model 8.xcdatamodel"; sourceTree = "<group>"; };
		1826C27820287030007BD92D /* Model7toModel8.xcmappingmodel */ = {isa = PBXFileReference; lastKnownFileType = wrapper.xcmappingmodel; name = Model7toModel8.xcmappingmodel; path = DataModel/Model7toModel8.xcmappingmodel; sourceTree = "<group>"; };
		1826C27A202871EC007BD92D /* LocationAtShop+CoreDataProperties.m */ = {isa = PBXFileReference; lastKnownFileType = sourcecode.c.objc; name = "LocationAtShop+CoreDataProperties.m"; path = "/Users/apple/Documents/Development/FieldShop/FieldShop/FieldShop/LocationAtShop+CoreDataProperties.m"; sourceTree = "<absolute>"; };
		1826C27B202871ED007BD92D /* Location+CoreDataProperties.h */ = {isa = PBXFileReference; lastKnownFileType = sourcecode.c.h; name = "Location+CoreDataProperties.h"; path = "/Users/apple/Documents/Development/FieldShop/FieldShop/FieldShop/Location+CoreDataProperties.h"; sourceTree = "<absolute>"; };
		1826C27C202871ED007BD92D /* LocationAtHome+CoreDataProperties.m */ = {isa = PBXFileReference; lastKnownFileType = sourcecode.c.objc; name = "LocationAtHome+CoreDataProperties.m"; path = "/Users/apple/Documents/Development/FieldShop/FieldShop/FieldShop/LocationAtHome+CoreDataProperties.m"; sourceTree = "<absolute>"; };
		1826C27D202871ED007BD92D /* LocationAtHome+CoreDataProperties.h */ = {isa = PBXFileReference; lastKnownFileType = sourcecode.c.h; name = "LocationAtHome+CoreDataProperties.h"; path = "/Users/apple/Documents/Development/FieldShop/FieldShop/FieldShop/LocationAtHome+CoreDataProperties.h"; sourceTree = "<absolute>"; };
		1826C27E202871ED007BD92D /* Item_Photo+CoreDataClass.h */ = {isa = PBXFileReference; lastKnownFileType = sourcecode.c.h; name = "Item_Photo+CoreDataClass.h"; path = "/Users/apple/Documents/Development/FieldShop/FieldShop/FieldShop/Item_Photo+CoreDataClass.h"; sourceTree = "<absolute>"; };
		1826C27F202871ED007BD92D /* Item_Photo+CoreDataProperties.m */ = {isa = PBXFileReference; lastKnownFileType = sourcecode.c.objc; name = "Item_Photo+CoreDataProperties.m"; path = "/Users/apple/Documents/Development/FieldShop/FieldShop/FieldShop/Item_Photo+CoreDataProperties.m"; sourceTree = "<absolute>"; };
		1826C280202871ED007BD92D /* LocationAtShop+CoreDataClass.h */ = {isa = PBXFileReference; lastKnownFileType = sourcecode.c.h; name = "LocationAtShop+CoreDataClass.h"; path = "/Users/apple/Documents/Development/FieldShop/FieldShop/FieldShop/LocationAtShop+CoreDataClass.h"; sourceTree = "<absolute>"; };
		1826C281202871EE007BD92D /* Unit+CoreDataProperties.h */ = {isa = PBXFileReference; lastKnownFileType = sourcecode.c.h; name = "Unit+CoreDataProperties.h"; path = "/Users/apple/Documents/Development/FieldShop/FieldShop/FieldShop/Unit+CoreDataProperties.h"; sourceTree = "<absolute>"; };
		1826C282202871EE007BD92D /* Unit+CoreDataClass.h */ = {isa = PBXFileReference; lastKnownFileType = sourcecode.c.h; name = "Unit+CoreDataClass.h"; path = "/Users/apple/Documents/Development/FieldShop/FieldShop/FieldShop/Unit+CoreDataClass.h"; sourceTree = "<absolute>"; };
		1826C283202871EE007BD92D /* Location+CoreDataClass.m */ = {isa = PBXFileReference; lastKnownFileType = sourcecode.c.objc; name = "Location+CoreDataClass.m"; path = "/Users/apple/Documents/Development/FieldShop/FieldShop/FieldShop/Location+CoreDataClass.m"; sourceTree = "<absolute>"; };
		1826C284202871EF007BD92D /* Item+CoreDataClass.m */ = {isa = PBXFileReference; lastKnownFileType = sourcecode.c.objc; name = "Item+CoreDataClass.m"; path = "/Users/apple/Documents/Development/FieldShop/FieldShop/FieldShop/Item+CoreDataClass.m"; sourceTree = "<absolute>"; };
		1826C285202871EF007BD92D /* Item+CoreDataProperties.m */ = {isa = PBXFileReference; lastKnownFileType = sourcecode.c.objc; name = "Item+CoreDataProperties.m"; path = "/Users/apple/Documents/Development/FieldShop/FieldShop/FieldShop/Item+CoreDataProperties.m"; sourceTree = "<absolute>"; };
		1826C286202871EF007BD92D /* Unit+CoreDataClass.m */ = {isa = PBXFileReference; lastKnownFileType = sourcecode.c.objc; name = "Unit+CoreDataClass.m"; path = "/Users/apple/Documents/Development/FieldShop/FieldShop/FieldShop/Unit+CoreDataClass.m"; sourceTree = "<absolute>"; };
		1826C287202871EF007BD92D /* LocationAtHome+CoreDataClass.h */ = {isa = PBXFileReference; lastKnownFileType = sourcecode.c.h; name = "LocationAtHome+CoreDataClass.h"; path = "/Users/apple/Documents/Development/FieldShop/FieldShop/FieldShop/LocationAtHome+CoreDataClass.h"; sourceTree = "<absolute>"; };
		1826C288202871EF007BD92D /* Item+CoreDataProperties.h */ = {isa = PBXFileReference; lastKnownFileType = sourcecode.c.h; name = "Item+CoreDataProperties.h"; path = "/Users/apple/Documents/Development/FieldShop/FieldShop/FieldShop/Item+CoreDataProperties.h"; sourceTree = "<absolute>"; };
		1826C289202871F2007BD92D /* Item+CoreDataClass.h */ = {isa = PBXFileReference; lastKnownFileType = sourcecode.c.h; name = "Item+CoreDataClass.h"; path = "/Users/apple/Documents/Development/FieldShop/FieldShop/FieldShop/Item+CoreDataClass.h"; sourceTree = "<absolute>"; };
		1826C28A202871F2007BD92D /* LocationAtHome+CoreDataClass.m */ = {isa = PBXFileReference; lastKnownFileType = sourcecode.c.objc; name = "LocationAtHome+CoreDataClass.m"; path = "/Users/apple/Documents/Development/FieldShop/FieldShop/FieldShop/LocationAtHome+CoreDataClass.m"; sourceTree = "<absolute>"; };
		1826C28B202871F4007BD92D /* LocationAtShop+CoreDataProperties.h */ = {isa = PBXFileReference; lastKnownFileType = sourcecode.c.h; name = "LocationAtShop+CoreDataProperties.h"; path = "/Users/apple/Documents/Development/FieldShop/FieldShop/FieldShop/LocationAtShop+CoreDataProperties.h"; sourceTree = "<absolute>"; };
		1826C28C202871F4007BD92D /* Location+CoreDataProperties.m */ = {isa = PBXFileReference; lastKnownFileType = sourcecode.c.objc; name = "Location+CoreDataProperties.m"; path = "/Users/apple/Documents/Development/FieldShop/FieldShop/FieldShop/Location+CoreDataProperties.m"; sourceTree = "<absolute>"; };
		1826C28D202871F5007BD92D /* LocationAtShop+CoreDataClass.m */ = {isa = PBXFileReference; lastKnownFileType = sourcecode.c.objc; name = "LocationAtShop+CoreDataClass.m"; path = "/Users/apple/Documents/Development/FieldShop/FieldShop/FieldShop/LocationAtShop+CoreDataClass.m"; sourceTree = "<absolute>"; };
		1826C28E202871F6007BD92D /* Location+CoreDataClass.h */ = {isa = PBXFileReference; lastKnownFileType = sourcecode.c.h; name = "Location+CoreDataClass.h"; path = "/Users/apple/Documents/Development/FieldShop/FieldShop/FieldShop/Location+CoreDataClass.h"; sourceTree = "<absolute>"; };
		1826C28F202871F6007BD92D /* Unit+CoreDataProperties.m */ = {isa = PBXFileReference; lastKnownFileType = sourcecode.c.objc; name = "Unit+CoreDataProperties.m"; path = "/Users/apple/Documents/Development/FieldShop/FieldShop/FieldShop/Unit+CoreDataProperties.m"; sourceTree = "<absolute>"; };
		1826C290202871F6007BD92D /* Item_Photo+CoreDataClass.m */ = {isa = PBXFileReference; lastKnownFileType = sourcecode.c.objc; name = "Item_Photo+CoreDataClass.m"; path = "/Users/apple/Documents/Development/FieldShop/FieldShop/FieldShop/Item_Photo+CoreDataClass.m"; sourceTree = "<absolute>"; };
		1826C291202871F6007BD92D /* Item_Photo+CoreDataProperties.h */ = {isa = PBXFileReference; lastKnownFileType = sourcecode.c.h; name = "Item_Photo+CoreDataProperties.h"; path = "/Users/apple/Documents/Development/FieldShop/FieldShop/FieldShop/Item_Photo+CoreDataProperties.h"; sourceTree = "<absolute>"; };
		1826C2B620287F70007BD92D /* DefaultData.sqlite */ = {isa = PBXFileReference; lastKnownFileType = file; name = DefaultData.sqlite; path = DataModel/DefaultData.sqlite; sourceTree = "<group>"; };
		1826C2B9202987BA007BD92D /* GroceryHead.png */ = {isa = PBXFileReference; lastKnownFileType = image.png; name = GroceryHead.png; path = resource/GroceryHead.png; sourceTree = "<group>"; };
		23EA6505C99D054B43D90681 /* libPods-FieldShop.a */ = {isa = PBXFileReference; explicitFileType = archive.ar; includeInIndex = 0; path = "libPods-FieldShop.a"; sourceTree = BUILT_PRODUCTS_DIR; };
		42F9F2E54D3E5D298A5C732C /* Pods-FieldShop.release.xcconfig */ = {isa = PBXFileReference; includeInIndex = 1; lastKnownFileType = text.xcconfig; name = "Pods-FieldShop.release.xcconfig"; path = "Pods/Target Support Files/Pods-FieldShop/Pods-FieldShop.release.xcconfig"; sourceTree = "<group>"; };
		A427647420174C9C00A0AC28 /* FSItemVC.h */ = {isa = PBXFileReference; lastKnownFileType = sourcecode.c.h; name = FSItemVC.h; path = Business/VCs/FSItemVC.h; sourceTree = "<group>"; };
		A427647520174C9C00A0AC28 /* FSItemVC.m */ = {isa = PBXFileReference; lastKnownFileType = sourcecode.c.objc; name = FSItemVC.m; path = Business/VCs/FSItemVC.m; sourceTree = "<group>"; };
		A42764772018B29C00A0AC28 /* FSUnitTVC.h */ = {isa = PBXFileReference; lastKnownFileType = sourcecode.c.h; name = FSUnitTVC.h; path = Business/VCs/FSUnitTVC.h; sourceTree = "<group>"; };
		A42764782018B29C00A0AC28 /* FSUnitTVC.m */ = {isa = PBXFileReference; lastKnownFileType = sourcecode.c.objc; name = FSUnitTVC.m; path = Business/VCs/FSUnitTVC.m; sourceTree = "<group>"; };
		A427647A201982D300A0AC28 /* FSUnitVC.h */ = {isa = PBXFileReference; lastKnownFileType = sourcecode.c.h; name = FSUnitVC.h; path = Business/VCs/FSUnitVC.h; sourceTree = "<group>"; };
		A427647B201982D300A0AC28 /* FSUnitVC.m */ = {isa = PBXFileReference; lastKnownFileType = sourcecode.c.objc; name = FSUnitVC.m; path = Business/VCs/FSUnitVC.m; sourceTree = "<group>"; };
		A42764842019C47900A0AC28 /* FSLocationsAtHomeTVC.h */ = {isa = PBXFileReference; lastKnownFileType = sourcecode.c.h; name = FSLocationsAtHomeTVC.h; path = Business/VCs/FSLocationsAtHomeTVC.h; sourceTree = "<group>"; };
		A42764852019C47900A0AC28 /* FSLocationsAtHomeTVC.m */ = {isa = PBXFileReference; lastKnownFileType = sourcecode.c.objc; name = FSLocationsAtHomeTVC.m; path = Business/VCs/FSLocationsAtHomeTVC.m; sourceTree = "<group>"; };
		A42764872019C49D00A0AC28 /* FSLocationAtShopTVC.h */ = {isa = PBXFileReference; lastKnownFileType = sourcecode.c.h; name = FSLocationAtShopTVC.h; path = Business/VCs/FSLocationAtShopTVC.h; sourceTree = "<group>"; };
		A42764882019C49D00A0AC28 /* FSLocationAtShopTVC.m */ = {isa = PBXFileReference; lastKnownFileType = sourcecode.c.objc; name = FSLocationAtShopTVC.m; path = Business/VCs/FSLocationAtShopTVC.m; sourceTree = "<group>"; };
		A427648A201A035800A0AC28 /* FSLocationAtHomeVC.h */ = {isa = PBXFileReference; lastKnownFileType = sourcecode.c.h; name = FSLocationAtHomeVC.h; path = Business/VCs/FSLocationAtHomeVC.h; sourceTree = "<group>"; };
		A427648B201A035800A0AC28 /* FSLocationAtHomeVC.m */ = {isa = PBXFileReference; lastKnownFileType = sourcecode.c.objc; name = FSLocationAtHomeVC.m; path = Business/VCs/FSLocationAtHomeVC.m; sourceTree = "<group>"; };
		A427648D201A03AE00A0AC28 /* FSLocationAtShopVC.h */ = {isa = PBXFileReference; lastKnownFileType = sourcecode.c.h; name = FSLocationAtShopVC.h; path = Business/VCs/FSLocationAtShopVC.h; sourceTree = "<group>"; };
		A427648E201A03AE00A0AC28 /* FSLocationAtShopVC.m */ = {isa = PBXFileReference; lastKnownFileType = sourcecode.c.objc; name = FSLocationAtShopVC.m; path = Business/VCs/FSLocationAtShopVC.m; sourceTree = "<group>"; };
		A44499D0201F007E000974C1 /* FSCoreDataPickerTF.h */ = {isa = PBXFileReference; lastKnownFileType = sourcecode.c.h; name = FSCoreDataPickerTF.h; path = CoreData/FSCoreDataPickerTF.h; sourceTree = "<group>"; };
		A44499D1201F007E000974C1 /* FSCoreDataPickerTF.m */ = {isa = PBXFileReference; lastKnownFileType = sourcecode.c.objc; name = FSCoreDataPickerTF.m; path = CoreData/FSCoreDataPickerTF.m; sourceTree = "<group>"; };
		A44499DF201F1BEE000974C1 /* FSUnitPickerTF.h */ = {isa = PBXFileReference; lastKnownFileType = sourcecode.c.h; name = FSUnitPickerTF.h; path = Business/Views/PickerView/FSUnitPickerTF.h; sourceTree = "<group>"; };
		A44499E0201F1BEE000974C1 /* FSUnitPickerTF.m */ = {isa = PBXFileReference; lastKnownFileType = sourcecode.c.objc; name = FSUnitPickerTF.m; path = Business/Views/PickerView/FSUnitPickerTF.m; sourceTree = "<group>"; };
		A44499E2201F38F0000974C1 /* FSLocationAtHomePickerTF.h */ = {isa = PBXFileReference; lastKnownFileType = sourcecode.c.h; name = FSLocationAtHomePickerTF.h; path = Business/Views/PickerView/FSLocationAtHomePickerTF.h; sourceTree = "<group>"; };
		A44499E3201F38F0000974C1 /* FSLocationAtHomePickerTF.m */ = {isa = PBXFileReference; lastKnownFileType = sourcecode.c.objc; name = FSLocationAtHomePickerTF.m; path = Business/Views/PickerView/FSLocationAtHomePickerTF.m; sourceTree = "<group>"; };
		A44499E5201F3916000974C1 /* FSLocationAtShopPickerTF.h */ = {isa = PBXFileReference; lastKnownFileType = sourcecode.c.h; name = FSLocationAtShopPickerTF.h; path = Business/Views/PickerView/FSLocationAtShopPickerTF.h; sourceTree = "<group>"; };
		A44499E6201F3916000974C1 /* FSLocationAtShopPickerTF.m */ = {isa = PBXFileReference; lastKnownFileType = sourcecode.c.objc; name = FSLocationAtShopPickerTF.m; path = Business/Views/PickerView/FSLocationAtShopPickerTF.m; sourceTree = "<group>"; };
		A44499E82020505B000974C1 /* DefaultData.xml */ = {isa = PBXFileReference; fileEncoding = 4; lastKnownFileType = text.xml; name = DefaultData.xml; path = DataModel/DefaultData.xml; sourceTree = "<group>"; };
		A44499EA20205EDF000974C1 /* FSCoreDataImporter.h */ = {isa = PBXFileReference; lastKnownFileType = sourcecode.c.h; name = FSCoreDataImporter.h; path = CoreData/FSCoreDataImporter.h; sourceTree = "<group>"; };
		A44499EB20205EDF000974C1 /* FSCoreDataImporter.m */ = {isa = PBXFileReference; lastKnownFileType = sourcecode.c.objc; name = FSCoreDataImporter.m; path = CoreData/FSCoreDataImporter.m; sourceTree = "<group>"; };
		A4794BB71FE7DE1000ED9F33 /* Default-568h@2x.png */ = {isa = PBXFileReference; lastKnownFileType = image.png; path = "Default-568h@2x.png"; sourceTree = "<group>"; };
		A4794BD71FE7E37F00ED9F33 /* FSCoreDataTVC.h */ = {isa = PBXFileReference; lastKnownFileType = sourcecode.c.h; name = FSCoreDataTVC.h; path = CoreData/FSCoreDataTVC.h; sourceTree = "<group>"; };
		A4794BD81FE7E37F00ED9F33 /* FSCoreDataTVC.m */ = {isa = PBXFileReference; lastKnownFileType = sourcecode.c.objc; name = FSCoreDataTVC.m; path = CoreData/FSCoreDataTVC.m; sourceTree = "<group>"; };
		A49C03371FDEAB2300FB0D62 /* Model 5.xcdatamodel */ = {isa = PBXFileReference; lastKnownFileType = wrapper.xcdatamodel; path = "Model 5.xcdatamodel"; sourceTree = "<group>"; };
		A4B1F6D2201051A300039612 /* FSRootTabController.h */ = {isa = PBXFileReference; lastKnownFileType = sourcecode.c.h; name = FSRootTabController.h; path = Business/MainView/FSRootTabController.h; sourceTree = "<group>"; };
		A4B1F6D3201051A300039612 /* FSRootTabController.m */ = {isa = PBXFileReference; lastKnownFileType = sourcecode.c.objc; name = FSRootTabController.m; path = Business/MainView/FSRootTabController.m; sourceTree = "<group>"; };
		A4B1F6D620107A2500039612 /* FSPrepareTVC.h */ = {isa = PBXFileReference; lastKnownFileType = sourcecode.c.h; name = FSPrepareTVC.h; path = Business/SubTabVC/FSPrepareTVC.h; sourceTree = "<group>"; };
		A4B1F6D720107A2500039612 /* FSPrepareTVC.m */ = {isa = PBXFileReference; lastKnownFileType = sourcecode.c.objc; name = FSPrepareTVC.m; path = Business/SubTabVC/FSPrepareTVC.m; sourceTree = "<group>"; };
		A4B1F6D920107A4600039612 /* FSShopVC.h */ = {isa = PBXFileReference; lastKnownFileType = sourcecode.c.h; name = FSShopVC.h; path = Business/FSShopVC.h; sourceTree = "<group>"; };
		A4B1F6DA20107A4600039612 /* FSShopVC.m */ = {isa = PBXFileReference; lastKnownFileType = sourcecode.c.objc; name = FSShopVC.m; path = Business/FSShopVC.m; sourceTree = "<group>"; };
		A4D6C7BD1FD67C9D0066251F /* FieldShop.app */ = {isa = PBXFileReference; explicitFileType = wrapper.application; includeInIndex = 0; path = FieldShop.app; sourceTree = BUILT_PRODUCTS_DIR; };
		A4D6C7C11FD67C9D0066251F /* main.m */ = {isa = PBXFileReference; lastKnownFileType = sourcecode.c.objc; path = main.m; sourceTree = "<group>"; };
		A4D6C7C31FD67C9D0066251F /* AppDelegate.h */ = {isa = PBXFileReference; lastKnownFileType = sourcecode.c.h; path = AppDelegate.h; sourceTree = "<group>"; };
		A4D6C7C41FD67C9D0066251F /* AppDelegate.m */ = {isa = PBXFileReference; lastKnownFileType = sourcecode.c.objc; path = AppDelegate.m; sourceTree = "<group>"; };
		A4D6C7CC1FD67C9D0066251F /* Assets.xcassets */ = {isa = PBXFileReference; lastKnownFileType = folder.assetcatalog; path = Assets.xcassets; sourceTree = "<group>"; };
		A4D6C7D11FD67C9E0066251F /* Info.plist */ = {isa = PBXFileReference; lastKnownFileType = text.plist.xml; path = Info.plist; sourceTree = "<group>"; };
		A4D6C7D61FD67C9E0066251F /* FieldShopTests.xctest */ = {isa = PBXFileReference; explicitFileType = wrapper.cfbundle; includeInIndex = 0; path = FieldShopTests.xctest; sourceTree = BUILT_PRODUCTS_DIR; };
		A4D6C7DA1FD67C9E0066251F /* FieldShopTests.m */ = {isa = PBXFileReference; lastKnownFileType = sourcecode.c.objc; path = FieldShopTests.m; sourceTree = "<group>"; };
		A4D6C7DC1FD67C9E0066251F /* Info.plist */ = {isa = PBXFileReference; lastKnownFileType = text.plist.xml; path = Info.plist; sourceTree = "<group>"; };
		A4D6C7E11FD67C9E0066251F /* FieldShopUITests.xctest */ = {isa = PBXFileReference; explicitFileType = wrapper.cfbundle; includeInIndex = 0; path = FieldShopUITests.xctest; sourceTree = BUILT_PRODUCTS_DIR; };
		A4D6C7E51FD67C9E0066251F /* FieldShopUITests.m */ = {isa = PBXFileReference; lastKnownFileType = sourcecode.c.objc; path = FieldShopUITests.m; sourceTree = "<group>"; };
		A4D6C7E71FD67C9E0066251F /* Info.plist */ = {isa = PBXFileReference; lastKnownFileType = text.plist.xml; path = Info.plist; sourceTree = "<group>"; };
		A4D6C7F41FD67D3A0066251F /* CoreData.framework */ = {isa = PBXFileReference; lastKnownFileType = wrapper.framework; name = CoreData.framework; path = System/Library/Frameworks/CoreData.framework; sourceTree = SDKROOT; };
		A4D6C7F71FD67FD30066251F /* FSCoreDataHelper.h */ = {isa = PBXFileReference; fileEncoding = 4; lastKnownFileType = sourcecode.c.h; name = FSCoreDataHelper.h; path = CoreData/FSCoreDataHelper.h; sourceTree = "<group>"; };
		A4D6C7F81FD67FD30066251F /* FSCoreDataHelper.m */ = {isa = PBXFileReference; fileEncoding = 4; lastKnownFileType = sourcecode.c.objc; name = FSCoreDataHelper.m; path = CoreData/FSCoreDataHelper.m; sourceTree = "<group>"; };
		A4D6C8021FD687DC0066251F /* FieldShop-Prefix.pch */ = {isa = PBXFileReference; lastKnownFileType = sourcecode.c.h; path = "FieldShop-Prefix.pch"; sourceTree = "<group>"; };
		A4D6C8031FD68A7D0066251F /* FSCommonDefine.h */ = {isa = PBXFileReference; lastKnownFileType = sourcecode.c.h; path = FSCommonDefine.h; sourceTree = "<group>"; };
		A4D6C8091FD7D06C0066251F /* Model.xcdatamodel */ = {isa = PBXFileReference; lastKnownFileType = wrapper.xcdatamodel; path = Model.xcdatamodel; sourceTree = "<group>"; };
		A4D6C82A1FD7EF8E0066251F /* FieldShop-Bridging-Header.h */ = {isa = PBXFileReference; lastKnownFileType = sourcecode.c.h; path = "FieldShop-Bridging-Header.h"; sourceTree = "<group>"; };
		A4D6C8371FD7F5E80066251F /* FSRootViewController.h */ = {isa = PBXFileReference; fileEncoding = 4; lastKnownFileType = sourcecode.c.h; name = FSRootViewController.h; path = Business/MainView/FSRootViewController.h; sourceTree = "<group>"; };
		A4D6C8381FD7F5E80066251F /* FSRootViewController.m */ = {isa = PBXFileReference; fileEncoding = 4; lastKnownFileType = sourcecode.c.objc; name = FSRootViewController.m; path = Business/MainView/FSRootViewController.m; sourceTree = "<group>"; };
		A4D6C83A1FD915CB0066251F /* Model 2.xcdatamodel */ = {isa = PBXFileReference; lastKnownFileType = wrapper.xcdatamodel; path = "Model 2.xcdatamodel"; sourceTree = "<group>"; };
		A4D6C8481FD929A90066251F /* Model 3.xcdatamodel */ = {isa = PBXFileReference; lastKnownFileType = wrapper.xcdatamodel; path = "Model 3.xcdatamodel"; sourceTree = "<group>"; };
		A4D6C8491FD92AE10066251F /* Model2ToModel3.xcmappingmodel */ = {isa = PBXFileReference; lastKnownFileType = wrapper.xcmappingmodel; name = Model2ToModel3.xcmappingmodel; path = DataModel/Model2ToModel3.xcmappingmodel; sourceTree = "<group>"; };
		A4E1B0D91FE3EFF800EA1280 /* Model 6.xcdatamodel */ = {isa = PBXFileReference; lastKnownFileType = wrapper.xcdatamodel; path = "Model 6.xcdatamodel"; sourceTree = "<group>"; };
		A4FC4AC31FDAB0040028704B /* FSMigrationViewController.h */ = {isa = PBXFileReference; lastKnownFileType = sourcecode.c.h; name = FSMigrationViewController.h; path = Business/MainView/FSMigrationViewController.h; sourceTree = "<group>"; };
		A4FC4AC41FDAB0040028704B /* FSMigrationViewController.m */ = {isa = PBXFileReference; lastKnownFileType = sourcecode.c.objc; name = FSMigrationViewController.m; path = Business/MainView/FSMigrationViewController.m; sourceTree = "<group>"; };
		A4FC4AC61FDAB6270028704B /* Model 4.xcdatamodel */ = {isa = PBXFileReference; lastKnownFileType = wrapper.xcdatamodel; path = "Model 4.xcdatamodel"; sourceTree = "<group>"; };
		A4FC4AC91FDAB6CA0028704B /* Model3ToModel4.xcmappingmodel */ = {isa = PBXFileReference; lastKnownFileType = wrapper.xcmappingmodel; name = Model3ToModel4.xcmappingmodel; path = DataModel/Model3ToModel4.xcmappingmodel; sourceTree = "<group>"; };
		D971F68D64C41F00F869CB85 /* Pods-FieldShop.debug.xcconfig */ = {isa = PBXFileReference; includeInIndex = 1; lastKnownFileType = text.xcconfig; name = "Pods-FieldShop.debug.xcconfig"; path = "Pods/Target Support Files/Pods-FieldShop/Pods-FieldShop.debug.xcconfig"; sourceTree = "<group>"; };
/* End PBXFileReference section */

/* Begin PBXFrameworksBuildPhase section */
		A4D6C7BA1FD67C9D0066251F /* Frameworks */ = {
			isa = PBXFrameworksBuildPhase;
			buildActionMask = 2147483647;
			files = (
				A4D6C7F51FD67D3A0066251F /* CoreData.framework in Frameworks */,
				D132B723DFEF8C19958D2AB6 /* libPods-FieldShop.a in Frameworks */,
			);
			runOnlyForDeploymentPostprocessing = 0;
		};
		A4D6C7D31FD67C9E0066251F /* Frameworks */ = {
			isa = PBXFrameworksBuildPhase;
			buildActionMask = 2147483647;
			files = (
			);
			runOnlyForDeploymentPostprocessing = 0;
		};
		A4D6C7DE1FD67C9E0066251F /* Frameworks */ = {
			isa = PBXFrameworksBuildPhase;
			buildActionMask = 2147483647;
			files = (
			);
			runOnlyForDeploymentPostprocessing = 0;
		};
/* End PBXFrameworksBuildPhase section */

/* Begin PBXGroup section */
		1826C2B820298797007BD92D /* Images */ = {
			isa = PBXGroup;
			children = (
				1826C2B9202987BA007BD92D /* GroceryHead.png */,
			);
			name = Images;
			sourceTree = "<group>";
		};
		A427647320174AD800A0AC28 /* VCs */ = {
			isa = PBXGroup;
			children = (
				A427647420174C9C00A0AC28 /* FSItemVC.h */,
				A427647520174C9C00A0AC28 /* FSItemVC.m */,
				A42764772018B29C00A0AC28 /* FSUnitTVC.h */,
				A42764782018B29C00A0AC28 /* FSUnitTVC.m */,
				A427647A201982D300A0AC28 /* FSUnitVC.h */,
				A427647B201982D300A0AC28 /* FSUnitVC.m */,
				A42764842019C47900A0AC28 /* FSLocationsAtHomeTVC.h */,
				A42764852019C47900A0AC28 /* FSLocationsAtHomeTVC.m */,
				A42764872019C49D00A0AC28 /* FSLocationAtShopTVC.h */,
				A42764882019C49D00A0AC28 /* FSLocationAtShopTVC.m */,
				A427648A201A035800A0AC28 /* FSLocationAtHomeVC.h */,
				A427648B201A035800A0AC28 /* FSLocationAtHomeVC.m */,
				A427648D201A03AE00A0AC28 /* FSLocationAtShopVC.h */,
				A427648E201A03AE00A0AC28 /* FSLocationAtShopVC.m */,
			);
			name = VCs;
			sourceTree = "<group>";
		};
		A44499DA201F17F3000974C1 /* Views */ = {
			isa = PBXGroup;
			children = (
				A44499DB201F17FD000974C1 /* PickerView */,
			);
			name = Views;
			sourceTree = "<group>";
		};
		A44499DB201F17FD000974C1 /* PickerView */ = {
			isa = PBXGroup;
			children = (
				A44499DF201F1BEE000974C1 /* FSUnitPickerTF.h */,
				A44499E0201F1BEE000974C1 /* FSUnitPickerTF.m */,
				A44499E2201F38F0000974C1 /* FSLocationAtHomePickerTF.h */,
				A44499E3201F38F0000974C1 /* FSLocationAtHomePickerTF.m */,
				A44499E5201F3916000974C1 /* FSLocationAtShopPickerTF.h */,
				A44499E6201F3916000974C1 /* FSLocationAtShopPickerTF.m */,
			);
			name = PickerView;
			sourceTree = "<group>";
		};
		A4B1F6D5201078F900039612 /* SubTabVC */ = {
			isa = PBXGroup;
			children = (
				A4B1F6D620107A2500039612 /* FSPrepareTVC.h */,
				A4B1F6D720107A2500039612 /* FSPrepareTVC.m */,
				A4B1F6D920107A4600039612 /* FSShopVC.h */,
				A4B1F6DA20107A4600039612 /* FSShopVC.m */,
			);
			name = SubTabVC;
			sourceTree = "<group>";
		};
		A4D6C7B41FD67C9D0066251F = {
			isa = PBXGroup;
			children = (
				A4794BB71FE7DE1000ED9F33 /* Default-568h@2x.png */,
				A4D6C7BF1FD67C9D0066251F /* FieldShop */,
				A4D6C7D91FD67C9E0066251F /* FieldShopTests */,
				A4D6C7E41FD67C9E0066251F /* FieldShopUITests */,
				A4D6C7BE1FD67C9D0066251F /* Products */,
				A4D6C7F31FD67D3A0066251F /* Frameworks */,
				A4D6C82A1FD7EF8E0066251F /* FieldShop-Bridging-Header.h */,
				C20A90A3C7B4433A4BDB2374 /* Pods */,
			);
			sourceTree = "<group>";
		};
		A4D6C7BE1FD67C9D0066251F /* Products */ = {
			isa = PBXGroup;
			children = (
				A4D6C7BD1FD67C9D0066251F /* FieldShop.app */,
				A4D6C7D61FD67C9E0066251F /* FieldShopTests.xctest */,
				A4D6C7E11FD67C9E0066251F /* FieldShopUITests.xctest */,
			);
			name = Products;
			sourceTree = "<group>";
		};
		A4D6C7BF1FD67C9D0066251F /* FieldShop */ = {
			isa = PBXGroup;
			children = (
				A4D6C8351FD7F5660066251F /* Business */,
				A4D6C8041FD793EF0066251F /* DataModel */,
				A4D6C7F61FD67EEE0066251F /* CoreData */,
				A4D6C7C31FD67C9D0066251F /* AppDelegate.h */,
				A4D6C7C41FD67C9D0066251F /* AppDelegate.m */,
				A4D6C8031FD68A7D0066251F /* FSCommonDefine.h */,
				A4D6C7C01FD67C9D0066251F /* Supporting Files */,
			);
			path = FieldShop;
			sourceTree = "<group>";
		};
		A4D6C7C01FD67C9D0066251F /* Supporting Files */ = {
			isa = PBXGroup;
			children = (
				1826C2B820298797007BD92D /* Images */,
				A4D6C7CC1FD67C9D0066251F /* Assets.xcassets */,
				A4D6C7D11FD67C9E0066251F /* Info.plist */,
				A4D6C7C11FD67C9D0066251F /* main.m */,
				A4D6C8021FD687DC0066251F /* FieldShop-Prefix.pch */,
			);
			name = "Supporting Files";
			sourceTree = "<group>";
		};
		A4D6C7D91FD67C9E0066251F /* FieldShopTests */ = {
			isa = PBXGroup;
			children = (
				A4D6C7DA1FD67C9E0066251F /* FieldShopTests.m */,
				A4D6C7DC1FD67C9E0066251F /* Info.plist */,
			);
			path = FieldShopTests;
			sourceTree = "<group>";
		};
		A4D6C7E41FD67C9E0066251F /* FieldShopUITests */ = {
			isa = PBXGroup;
			children = (
				A4D6C7E51FD67C9E0066251F /* FieldShopUITests.m */,
				A4D6C7E71FD67C9E0066251F /* Info.plist */,
			);
			path = FieldShopUITests;
			sourceTree = "<group>";
		};
		A4D6C7F31FD67D3A0066251F /* Frameworks */ = {
			isa = PBXGroup;
			children = (
				A4D6C7F41FD67D3A0066251F /* CoreData.framework */,
				23EA6505C99D054B43D90681 /* libPods-FieldShop.a */,
			);
			name = Frameworks;
			sourceTree = "<group>";
		};
		A4D6C7F61FD67EEE0066251F /* CoreData */ = {
			isa = PBXGroup;
			children = (
				A4D6C7F71FD67FD30066251F /* FSCoreDataHelper.h */,
				A4D6C7F81FD67FD30066251F /* FSCoreDataHelper.m */,
				A4794BD71FE7E37F00ED9F33 /* FSCoreDataTVC.h */,
				A4794BD81FE7E37F00ED9F33 /* FSCoreDataTVC.m */,
				A44499D0201F007E000974C1 /* FSCoreDataPickerTF.h */,
				A44499D1201F007E000974C1 /* FSCoreDataPickerTF.m */,
				A44499EA20205EDF000974C1 /* FSCoreDataImporter.h */,
				A44499EB20205EDF000974C1 /* FSCoreDataImporter.m */,
			);
			name = CoreData;
			sourceTree = "<group>";
		};
		A4D6C8041FD793EF0066251F /* DataModel */ = {
			isa = PBXGroup;
			children = (
				1826C2B620287F70007BD92D /* DefaultData.sqlite */,
				A44499E82020505B000974C1 /* DefaultData.xml */,
				A4D6C80B1FD7D9000066251F /* ModelClass */,
				A4D6C8081FD7D06C0066251F /* Model.xcdatamodeld */,
				A4D6C8491FD92AE10066251F /* Model2ToModel3.xcmappingmodel */,
				A4FC4AC91FDAB6CA0028704B /* Model3ToModel4.xcmappingmodel */,
				1826C27820287030007BD92D /* Model7toModel8.xcmappingmodel */,
			);
			name = DataModel;
			sourceTree = "<group>";
		};
		A4D6C80B1FD7D9000066251F /* ModelClass */ = {
			isa = PBXGroup;
			children = (
				1826C288202871EF007BD92D /* Item+CoreDataProperties.h */,
				1826C289202871F2007BD92D /* Item+CoreDataClass.h */,
				1826C284202871EF007BD92D /* Item+CoreDataClass.m */,
				1826C285202871EF007BD92D /* Item+CoreDataProperties.m */,
				1826C27B202871ED007BD92D /* Location+CoreDataProperties.h */,
				1826C28E202871F6007BD92D /* Location+CoreDataClass.h */,
				1826C283202871EE007BD92D /* Location+CoreDataClass.m */,
				1826C28C202871F4007BD92D /* Location+CoreDataProperties.m */,
				1826C291202871F6007BD92D /* Item_Photo+CoreDataProperties.h */,
				1826C27E202871ED007BD92D /* Item_Photo+CoreDataClass.h */,
				1826C290202871F6007BD92D /* Item_Photo+CoreDataClass.m */,
				1826C27F202871ED007BD92D /* Item_Photo+CoreDataProperties.m */,
				1826C27D202871ED007BD92D /* LocationAtHome+CoreDataProperties.h */,
				1826C287202871EF007BD92D /* LocationAtHome+CoreDataClass.h */,
				1826C28A202871F2007BD92D /* LocationAtHome+CoreDataClass.m */,
				1826C27C202871ED007BD92D /* LocationAtHome+CoreDataProperties.m */,
				1826C28B202871F4007BD92D /* LocationAtShop+CoreDataProperties.h */,
				1826C280202871ED007BD92D /* LocationAtShop+CoreDataClass.h */,
				1826C28D202871F5007BD92D /* LocationAtShop+CoreDataClass.m */,
				1826C27A202871EC007BD92D /* LocationAtShop+CoreDataProperties.m */,
				1826C281202871EE007BD92D /* Unit+CoreDataProperties.h */,
				1826C282202871EE007BD92D /* Unit+CoreDataClass.h */,
				1826C286202871EF007BD92D /* Unit+CoreDataClass.m */,
				1826C28F202871F6007BD92D /* Unit+CoreDataProperties.m */,
			);
			name = ModelClass;
			sourceTree = "<group>";
		};
		A4D6C8351FD7F5660066251F /* Business */ = {
			isa = PBXGroup;
			children = (
				A44499DA201F17F3000974C1 /* Views */,
				A427647320174AD800A0AC28 /* VCs */,
				A4B1F6D5201078F900039612 /* SubTabVC */,
				A4D6C8361FD7F58B0066251F /* MainView */,
			);
			name = Business;
			sourceTree = "<group>";
		};
		A4D6C8361FD7F58B0066251F /* MainView */ = {
			isa = PBXGroup;
			children = (
				A4D6C8371FD7F5E80066251F /* FSRootViewController.h */,
				A4D6C8381FD7F5E80066251F /* FSRootViewController.m */,
				A4FC4AC31FDAB0040028704B /* FSMigrationViewController.h */,
				A4FC4AC41FDAB0040028704B /* FSMigrationViewController.m */,
				A4B1F6D2201051A300039612 /* FSRootTabController.h */,
				A4B1F6D3201051A300039612 /* FSRootTabController.m */,
			);
			name = MainView;
			sourceTree = "<group>";
		};
		C20A90A3C7B4433A4BDB2374 /* Pods */ = {
			isa = PBXGroup;
			children = (
				D971F68D64C41F00F869CB85 /* Pods-FieldShop.debug.xcconfig */,
				42F9F2E54D3E5D298A5C732C /* Pods-FieldShop.release.xcconfig */,
			);
			name = Pods;
			sourceTree = "<group>";
		};
/* End PBXGroup section */

/* Begin PBXNativeTarget section */
		A4D6C7BC1FD67C9D0066251F /* FieldShop */ = {
			isa = PBXNativeTarget;
			buildConfigurationList = A4D6C7EA1FD67C9E0066251F /* Build configuration list for PBXNativeTarget "FieldShop" */;
			buildPhases = (
				ECD7E870114770EFED6EFC18 /* [CP] Check Pods Manifest.lock */,
				A4D6C7B91FD67C9D0066251F /* Sources */,
				A4D6C7BA1FD67C9D0066251F /* Frameworks */,
				A4D6C7BB1FD67C9D0066251F /* Resources */,
				E601A6369E0BEEA587D0274F /* [CP] Embed Pods Frameworks */,
				82ED5665DF82B8F156D99730 /* [CP] Copy Pods Resources */,
			);
			buildRules = (
			);
			dependencies = (
			);
			name = FieldShop;
			productName = FieldShop;
			productReference = A4D6C7BD1FD67C9D0066251F /* FieldShop.app */;
			productType = "com.apple.product-type.application";
		};
		A4D6C7D51FD67C9E0066251F /* FieldShopTests */ = {
			isa = PBXNativeTarget;
			buildConfigurationList = A4D6C7ED1FD67C9E0066251F /* Build configuration list for PBXNativeTarget "FieldShopTests" */;
			buildPhases = (
				A4D6C7D21FD67C9E0066251F /* Sources */,
				A4D6C7D31FD67C9E0066251F /* Frameworks */,
				A4D6C7D41FD67C9E0066251F /* Resources */,
			);
			buildRules = (
			);
			dependencies = (
				A4D6C7D81FD67C9E0066251F /* PBXTargetDependency */,
			);
			name = FieldShopTests;
			productName = FieldShopTests;
			productReference = A4D6C7D61FD67C9E0066251F /* FieldShopTests.xctest */;
			productType = "com.apple.product-type.bundle.unit-test";
		};
		A4D6C7E01FD67C9E0066251F /* FieldShopUITests */ = {
			isa = PBXNativeTarget;
			buildConfigurationList = A4D6C7F01FD67C9E0066251F /* Build configuration list for PBXNativeTarget "FieldShopUITests" */;
			buildPhases = (
				A4D6C7DD1FD67C9E0066251F /* Sources */,
				A4D6C7DE1FD67C9E0066251F /* Frameworks */,
				A4D6C7DF1FD67C9E0066251F /* Resources */,
			);
			buildRules = (
			);
			dependencies = (
				A4D6C7E31FD67C9E0066251F /* PBXTargetDependency */,
			);
			name = FieldShopUITests;
			productName = FieldShopUITests;
			productReference = A4D6C7E11FD67C9E0066251F /* FieldShopUITests.xctest */;
			productType = "com.apple.product-type.bundle.ui-testing";
		};
/* End PBXNativeTarget section */

/* Begin PBXProject section */
		A4D6C7B51FD67C9D0066251F /* Project object */ = {
			isa = PBXProject;
			attributes = {
				LastUpgradeCheck = 0830;
				ORGANIZATIONNAME = dongchx;
				TargetAttributes = {
					A4D6C7BC1FD67C9D0066251F = {
						CreatedOnToolsVersion = 8.3.3;
						DevelopmentTeam = 99GU44VAES;
						LastSwiftMigration = 0830;
						ProvisioningStyle = Automatic;
					};
					A4D6C7D51FD67C9E0066251F = {
						CreatedOnToolsVersion = 8.3.3;
						ProvisioningStyle = Automatic;
						TestTargetID = A4D6C7BC1FD67C9D0066251F;
					};
					A4D6C7E01FD67C9E0066251F = {
						CreatedOnToolsVersion = 8.3.3;
						ProvisioningStyle = Automatic;
						TestTargetID = A4D6C7BC1FD67C9D0066251F;
					};
				};
			};
			buildConfigurationList = A4D6C7B81FD67C9D0066251F /* Build configuration list for PBXProject "FieldShop" */;
			compatibilityVersion = "Xcode 3.2";
			developmentRegion = English;
			hasScannedForEncodings = 0;
			knownRegions = (
				en,
				Base,
			);
			mainGroup = A4D6C7B41FD67C9D0066251F;
			productRefGroup = A4D6C7BE1FD67C9D0066251F /* Products */;
			projectDirPath = "";
			projectRoot = "";
			targets = (
				A4D6C7BC1FD67C9D0066251F /* FieldShop */,
				A4D6C7D51FD67C9E0066251F /* FieldShopTests */,
				A4D6C7E01FD67C9E0066251F /* FieldShopUITests */,
			);
		};
/* End PBXProject section */

/* Begin PBXResourcesBuildPhase section */
		A4D6C7BB1FD67C9D0066251F /* Resources */ = {
			isa = PBXResourcesBuildPhase;
			buildActionMask = 2147483647;
			files = (
				A44499E92020505B000974C1 /* DefaultData.xml in Resources */,
				1826C2B720287F70007BD92D /* DefaultData.sqlite in Resources */,
				1826C2BA202987BA007BD92D /* GroceryHead.png in Resources */,
				A4D6C7CD1FD67C9D0066251F /* Assets.xcassets in Resources */,
				A4794BB81FE7DE1000ED9F33 /* Default-568h@2x.png in Resources */,
			);
			runOnlyForDeploymentPostprocessing = 0;
		};
		A4D6C7D41FD67C9E0066251F /* Resources */ = {
			isa = PBXResourcesBuildPhase;
			buildActionMask = 2147483647;
			files = (
			);
			runOnlyForDeploymentPostprocessing = 0;
		};
		A4D6C7DF1FD67C9E0066251F /* Resources */ = {
			isa = PBXResourcesBuildPhase;
			buildActionMask = 2147483647;
			files = (
			);
			runOnlyForDeploymentPostprocessing = 0;
		};
/* End PBXResourcesBuildPhase section */

/* Begin PBXShellScriptBuildPhase section */
		82ED5665DF82B8F156D99730 /* [CP] Copy Pods Resources */ = {
			isa = PBXShellScriptBuildPhase;
			buildActionMask = 2147483647;
			files = (
			);
			inputPaths = (
			);
			name = "[CP] Copy Pods Resources";
			outputPaths = (
			);
			runOnlyForDeploymentPostprocessing = 0;
			shellPath = /bin/sh;
			shellScript = "\"${SRCROOT}/Pods/Target Support Files/Pods-FieldShop/Pods-FieldShop-resources.sh\"\n";
			showEnvVarsInLog = 0;
		};
		E601A6369E0BEEA587D0274F /* [CP] Embed Pods Frameworks */ = {
			isa = PBXShellScriptBuildPhase;
			buildActionMask = 2147483647;
			files = (
			);
			inputPaths = (
			);
			name = "[CP] Embed Pods Frameworks";
			outputPaths = (
			);
			runOnlyForDeploymentPostprocessing = 0;
			shellPath = /bin/sh;
			shellScript = "\"${SRCROOT}/Pods/Target Support Files/Pods-FieldShop/Pods-FieldShop-frameworks.sh\"\n";
			showEnvVarsInLog = 0;
		};
		ECD7E870114770EFED6EFC18 /* [CP] Check Pods Manifest.lock */ = {
			isa = PBXShellScriptBuildPhase;
			buildActionMask = 2147483647;
			files = (
			);
			inputPaths = (
			);
			name = "[CP] Check Pods Manifest.lock";
			outputPaths = (
			);
			runOnlyForDeploymentPostprocessing = 0;
			shellPath = /bin/sh;
			shellScript = "diff \"${PODS_ROOT}/../Podfile.lock\" \"${PODS_ROOT}/Manifest.lock\" > /dev/null\nif [[ $? != 0 ]] ; then\n    cat << EOM\nerror: The sandbox is not in sync with the Podfile.lock. Run 'pod install' or update your CocoaPods installation.\nEOM\n    exit 1\nfi\n";
			showEnvVarsInLog = 0;
		};
/* End PBXShellScriptBuildPhase section */

/* Begin PBXSourcesBuildPhase section */
		A4D6C7B91FD67C9D0066251F /* Sources */ = {
			isa = PBXSourcesBuildPhase;
			buildActionMask = 2147483647;
			files = (
				1826C299202871F7007BD92D /* LocationAtHome+CoreDataClass.m in Sources */,
				1826C27920287030007BD92D /* Model7toModel8.xcmappingmodel in Sources */,
				A427648F201A03AE00A0AC28 /* FSLocationAtShopVC.m in Sources */,
				1826C29C202871F7007BD92D /* Unit+CoreDataProperties.m in Sources */,
				A4FC4AC51FDAB0040028704B /* FSMigrationViewController.m in Sources */,
				1826C292202871F7007BD92D /* LocationAtShop+CoreDataProperties.m in Sources */,
				A4D6C84A1FD92AE10066251F /* Model2ToModel3.xcmappingmodel in Sources */,
				A42764792018B29C00A0AC28 /* FSUnitTVC.m in Sources */,
				A4FC4ACA1FDAB6CA0028704B /* Model3ToModel4.xcmappingmodel in Sources */,
				1826C29B202871F7007BD92D /* LocationAtShop+CoreDataClass.m in Sources */,
				A44499E1201F1BEE000974C1 /* FSUnitPickerTF.m in Sources */,
				A44499E7201F3916000974C1 /* FSLocationAtShopPickerTF.m in Sources */,
				1826C29A202871F7007BD92D /* Location+CoreDataProperties.m in Sources */,
				A4B1F6D820107A2500039612 /* FSPrepareTVC.m in Sources */,
				1826C297202871F7007BD92D /* Item+CoreDataProperties.m in Sources */,
				1826C296202871F7007BD92D /* Item+CoreDataClass.m in Sources */,
				A427647620174C9C00A0AC28 /* FSItemVC.m in Sources */,
				A44499EC20205EDF000974C1 /* FSCoreDataImporter.m in Sources */,
				A4794BD91FE7E37F00ED9F33 /* FSCoreDataTVC.m in Sources */,
				A42764862019C47900A0AC28 /* FSLocationsAtHomeTVC.m in Sources */,
				A42764892019C49D00A0AC28 /* FSLocationAtShopTVC.m in Sources */,
				A4B1F6DB20107A4600039612 /* FSShopVC.m in Sources */,
				A427647C201982D300A0AC28 /* FSUnitVC.m in Sources */,
				1826C298202871F7007BD92D /* Unit+CoreDataClass.m in Sources */,
				1826C294202871F7007BD92D /* Item_Photo+CoreDataProperties.m in Sources */,
				1826C295202871F7007BD92D /* Location+CoreDataClass.m in Sources */,
				A427648C201A035800A0AC28 /* FSLocationAtHomeVC.m in Sources */,
				A4B1F6D4201051A300039612 /* FSRootTabController.m in Sources */,
				1826C29D202871F7007BD92D /* Item_Photo+CoreDataClass.m in Sources */,
				A4D6C8391FD7F5E80066251F /* FSRootViewController.m in Sources */,
				1826C293202871F7007BD92D /* LocationAtHome+CoreDataProperties.m in Sources */,
				A4D6C7F91FD67FD30066251F /* FSCoreDataHelper.m in Sources */,
				A4D6C7C51FD67C9D0066251F /* AppDelegate.m in Sources */,
				A4D6C7C21FD67C9D0066251F /* main.m in Sources */,
				A44499E4201F38F0000974C1 /* FSLocationAtHomePickerTF.m in Sources */,
				A4D6C80A1FD7D06C0066251F /* Model.xcdatamodeld in Sources */,
				A44499D2201F007E000974C1 /* FSCoreDataPickerTF.m in Sources */,
			);
			runOnlyForDeploymentPostprocessing = 0;
		};
		A4D6C7D21FD67C9E0066251F /* Sources */ = {
			isa = PBXSourcesBuildPhase;
			buildActionMask = 2147483647;
			files = (
				A4D6C7DB1FD67C9E0066251F /* FieldShopTests.m in Sources */,
			);
			runOnlyForDeploymentPostprocessing = 0;
		};
		A4D6C7DD1FD67C9E0066251F /* Sources */ = {
			isa = PBXSourcesBuildPhase;
			buildActionMask = 2147483647;
			files = (
				A4D6C7E61FD67C9E0066251F /* FieldShopUITests.m in Sources */,
			);
			runOnlyForDeploymentPostprocessing = 0;
		};
/* End PBXSourcesBuildPhase section */

/* Begin PBXTargetDependency section */
		A4D6C7D81FD67C9E0066251F /* PBXTargetDependency */ = {
			isa = PBXTargetDependency;
			target = A4D6C7BC1FD67C9D0066251F /* FieldShop */;
			targetProxy = A4D6C7D71FD67C9E0066251F /* PBXContainerItemProxy */;
		};
		A4D6C7E31FD67C9E0066251F /* PBXTargetDependency */ = {
			isa = PBXTargetDependency;
			target = A4D6C7BC1FD67C9D0066251F /* FieldShop */;
			targetProxy = A4D6C7E21FD67C9E0066251F /* PBXContainerItemProxy */;
		};
/* End PBXTargetDependency section */

/* Begin XCBuildConfiguration section */
		A4D6C7E81FD67C9E0066251F /* Debug */ = {
			isa = XCBuildConfiguration;
			buildSettings = {
				ALWAYS_SEARCH_USER_PATHS = NO;
				CLANG_ANALYZER_NONNULL = YES;
				CLANG_ANALYZER_NUMBER_OBJECT_CONVERSION = YES_AGGRESSIVE;
				CLANG_CXX_LANGUAGE_STANDARD = "gnu++0x";
				CLANG_CXX_LIBRARY = "libc++";
				CLANG_ENABLE_MODULES = YES;
				CLANG_ENABLE_OBJC_ARC = YES;
				CLANG_WARN_BOOL_CONVERSION = YES;
				CLANG_WARN_CONSTANT_CONVERSION = YES;
				CLANG_WARN_DIRECT_OBJC_ISA_USAGE = YES_ERROR;
				CLANG_WARN_DOCUMENTATION_COMMENTS = YES;
				CLANG_WARN_EMPTY_BODY = YES;
				CLANG_WARN_ENUM_CONVERSION = YES;
				CLANG_WARN_INFINITE_RECURSION = YES;
				CLANG_WARN_INT_CONVERSION = YES;
				CLANG_WARN_OBJC_ROOT_CLASS = YES_ERROR;
				CLANG_WARN_SUSPICIOUS_MOVE = YES;
				CLANG_WARN_UNREACHABLE_CODE = YES;
				CLANG_WARN__DUPLICATE_METHOD_MATCH = YES;
				"CODE_SIGN_IDENTITY[sdk=iphoneos*]" = "iPhone Developer";
				COPY_PHASE_STRIP = NO;
				DEBUG_INFORMATION_FORMAT = dwarf;
				ENABLE_STRICT_OBJC_MSGSEND = YES;
				ENABLE_TESTABILITY = YES;
				GCC_C_LANGUAGE_STANDARD = gnu99;
				GCC_DYNAMIC_NO_PIC = NO;
				GCC_NO_COMMON_BLOCKS = YES;
				GCC_OPTIMIZATION_LEVEL = 0;
				GCC_PRECOMPILE_PREFIX_HEADER = YES;
				GCC_PREFIX_HEADER = "$(SRCROOT)/FieldShop/FieldShop-Prefix.pch";
				GCC_PREPROCESSOR_DEFINITIONS = (
					"DEBUG=1",
					"$(inherited)",
				);
				GCC_WARN_64_TO_32_BIT_CONVERSION = YES;
				GCC_WARN_ABOUT_RETURN_TYPE = YES_ERROR;
				GCC_WARN_UNDECLARED_SELECTOR = YES;
				GCC_WARN_UNINITIALIZED_AUTOS = YES_AGGRESSIVE;
				GCC_WARN_UNUSED_FUNCTION = YES;
				GCC_WARN_UNUSED_VARIABLE = YES;
				IPHONEOS_DEPLOYMENT_TARGET = 8.0;
				MTL_ENABLE_DEBUG_INFO = YES;
				ONLY_ACTIVE_ARCH = YES;
				SDKROOT = iphoneos;
				TARGETED_DEVICE_FAMILY = "1,2";
			};
			name = Debug;
		};
		A4D6C7E91FD67C9E0066251F /* Release */ = {
			isa = XCBuildConfiguration;
			buildSettings = {
				ALWAYS_SEARCH_USER_PATHS = NO;
				CLANG_ANALYZER_NONNULL = YES;
				CLANG_ANALYZER_NUMBER_OBJECT_CONVERSION = YES_AGGRESSIVE;
				CLANG_CXX_LANGUAGE_STANDARD = "gnu++0x";
				CLANG_CXX_LIBRARY = "libc++";
				CLANG_ENABLE_MODULES = YES;
				CLANG_ENABLE_OBJC_ARC = YES;
				CLANG_WARN_BOOL_CONVERSION = YES;
				CLANG_WARN_CONSTANT_CONVERSION = YES;
				CLANG_WARN_DIRECT_OBJC_ISA_USAGE = YES_ERROR;
				CLANG_WARN_DOCUMENTATION_COMMENTS = YES;
				CLANG_WARN_EMPTY_BODY = YES;
				CLANG_WARN_ENUM_CONVERSION = YES;
				CLANG_WARN_INFINITE_RECURSION = YES;
				CLANG_WARN_INT_CONVERSION = YES;
				CLANG_WARN_OBJC_ROOT_CLASS = YES_ERROR;
				CLANG_WARN_SUSPICIOUS_MOVE = YES;
				CLANG_WARN_UNREACHABLE_CODE = YES;
				CLANG_WARN__DUPLICATE_METHOD_MATCH = YES;
				"CODE_SIGN_IDENTITY[sdk=iphoneos*]" = "iPhone Developer";
				COPY_PHASE_STRIP = NO;
				DEBUG_INFORMATION_FORMAT = "dwarf-with-dsym";
				ENABLE_NS_ASSERTIONS = NO;
				ENABLE_STRICT_OBJC_MSGSEND = YES;
				GCC_C_LANGUAGE_STANDARD = gnu99;
				GCC_NO_COMMON_BLOCKS = YES;
				GCC_PRECOMPILE_PREFIX_HEADER = YES;
				GCC_PREFIX_HEADER = "$(SRCROOT)/FieldShop/FieldShop-Prefix.pch";
				GCC_WARN_64_TO_32_BIT_CONVERSION = YES;
				GCC_WARN_ABOUT_RETURN_TYPE = YES_ERROR;
				GCC_WARN_UNDECLARED_SELECTOR = YES;
				GCC_WARN_UNINITIALIZED_AUTOS = YES_AGGRESSIVE;
				GCC_WARN_UNUSED_FUNCTION = YES;
				GCC_WARN_UNUSED_VARIABLE = YES;
				IPHONEOS_DEPLOYMENT_TARGET = 8.0;
				MTL_ENABLE_DEBUG_INFO = NO;
				SDKROOT = iphoneos;
				TARGETED_DEVICE_FAMILY = "1,2";
				VALIDATE_PRODUCT = YES;
			};
			name = Release;
		};
		A4D6C7EB1FD67C9E0066251F /* Debug */ = {
			isa = XCBuildConfiguration;
			baseConfigurationReference = D971F68D64C41F00F869CB85 /* Pods-FieldShop.debug.xcconfig */;
			buildSettings = {
				ASSETCATALOG_COMPILER_APPICON_NAME = AppIcon;
				CLANG_ENABLE_MODULES = YES;
				DEVELOPMENT_TEAM = 99GU44VAES;
				GCC_PRECOMPILE_PREFIX_HEADER = YES;
				GCC_PREFIX_HEADER = "$(SRCROOT)/FieldShop/FieldShop-Prefix.pch";
				INFOPLIST_FILE = FieldShop/Info.plist;
				LD_RUNPATH_SEARCH_PATHS = "$(inherited) @executable_path/Frameworks";
				PRODUCT_BUNDLE_IDENTIFIER = com.dongchx.FieldShop;
				PRODUCT_NAME = "$(TARGET_NAME)";
				SWIFT_OBJC_BRIDGING_HEADER = "FieldShop-Bridging-Header.h";
				SWIFT_OPTIMIZATION_LEVEL = "-Onone";
				SWIFT_VERSION = 3.0;
			};
			name = Debug;
		};
		A4D6C7EC1FD67C9E0066251F /* Release */ = {
			isa = XCBuildConfiguration;
			baseConfigurationReference = 42F9F2E54D3E5D298A5C732C /* Pods-FieldShop.release.xcconfig */;
			buildSettings = {
				ASSETCATALOG_COMPILER_APPICON_NAME = AppIcon;
				CLANG_ENABLE_MODULES = YES;
				DEVELOPMENT_TEAM = 99GU44VAES;
				GCC_PRECOMPILE_PREFIX_HEADER = YES;
				GCC_PREFIX_HEADER = "$(SRCROOT)/FieldShop/FieldShop-Prefix.pch";
				INFOPLIST_FILE = FieldShop/Info.plist;
				LD_RUNPATH_SEARCH_PATHS = "$(inherited) @executable_path/Frameworks";
				PRODUCT_BUNDLE_IDENTIFIER = com.dongchx.FieldShop;
				PRODUCT_NAME = "$(TARGET_NAME)";
				SWIFT_OBJC_BRIDGING_HEADER = "FieldShop-Bridging-Header.h";
				SWIFT_VERSION = 3.0;
			};
			name = Release;
		};
		A4D6C7EE1FD67C9E0066251F /* Debug */ = {
			isa = XCBuildConfiguration;
			buildSettings = {
				BUNDLE_LOADER = "$(TEST_HOST)";
				INFOPLIST_FILE = FieldShopTests/Info.plist;
				LD_RUNPATH_SEARCH_PATHS = "$(inherited) @executable_path/Frameworks @loader_path/Frameworks";
				PRODUCT_BUNDLE_IDENTIFIER = com.dongchx.FieldShopTests;
				PRODUCT_NAME = "$(TARGET_NAME)";
				TEST_HOST = "$(BUILT_PRODUCTS_DIR)/FieldShop.app/FieldShop";
			};
			name = Debug;
		};
		A4D6C7EF1FD67C9E0066251F /* Release */ = {
			isa = XCBuildConfiguration;
			buildSettings = {
				BUNDLE_LOADER = "$(TEST_HOST)";
				INFOPLIST_FILE = FieldShopTests/Info.plist;
				LD_RUNPATH_SEARCH_PATHS = "$(inherited) @executable_path/Frameworks @loader_path/Frameworks";
				PRODUCT_BUNDLE_IDENTIFIER = com.dongchx.FieldShopTests;
				PRODUCT_NAME = "$(TARGET_NAME)";
				TEST_HOST = "$(BUILT_PRODUCTS_DIR)/FieldShop.app/FieldShop";
			};
			name = Release;
		};
		A4D6C7F11FD67C9E0066251F /* Debug */ = {
			isa = XCBuildConfiguration;
			buildSettings = {
				INFOPLIST_FILE = FieldShopUITests/Info.plist;
				LD_RUNPATH_SEARCH_PATHS = "$(inherited) @executable_path/Frameworks @loader_path/Frameworks";
				PRODUCT_BUNDLE_IDENTIFIER = com.dongchx.FieldShopUITests;
				PRODUCT_NAME = "$(TARGET_NAME)";
				TEST_TARGET_NAME = FieldShop;
			};
			name = Debug;
		};
		A4D6C7F21FD67C9E0066251F /* Release */ = {
			isa = XCBuildConfiguration;
			buildSettings = {
				INFOPLIST_FILE = FieldShopUITests/Info.plist;
				LD_RUNPATH_SEARCH_PATHS = "$(inherited) @executable_path/Frameworks @loader_path/Frameworks";
				PRODUCT_BUNDLE_IDENTIFIER = com.dongchx.FieldShopUITests;
				PRODUCT_NAME = "$(TARGET_NAME)";
				TEST_TARGET_NAME = FieldShop;
			};
			name = Release;
		};
/* End XCBuildConfiguration section */

/* Begin XCConfigurationList section */
		A4D6C7B81FD67C9D0066251F /* Build configuration list for PBXProject "FieldShop" */ = {
			isa = XCConfigurationList;
			buildConfigurations = (
				A4D6C7E81FD67C9E0066251F /* Debug */,
				A4D6C7E91FD67C9E0066251F /* Release */,
			);
			defaultConfigurationIsVisible = 0;
			defaultConfigurationName = Debug;
		};
		A4D6C7EA1FD67C9E0066251F /* Build configuration list for PBXNativeTarget "FieldShop" */ = {
			isa = XCConfigurationList;
			buildConfigurations = (
				A4D6C7EB1FD67C9E0066251F /* Debug */,
				A4D6C7EC1FD67C9E0066251F /* Release */,
			);
			defaultConfigurationIsVisible = 0;
			defaultConfigurationName = Debug;
		};
		A4D6C7ED1FD67C9E0066251F /* Build configuration list for PBXNativeTarget "FieldShopTests" */ = {
			isa = XCConfigurationList;
			buildConfigurations = (
				A4D6C7EE1FD67C9E0066251F /* Debug */,
				A4D6C7EF1FD67C9E0066251F /* Release */,
			);
			defaultConfigurationIsVisible = 0;
			defaultConfigurationName = Debug;
		};
		A4D6C7F01FD67C9E0066251F /* Build configuration list for PBXNativeTarget "FieldShopUITests" */ = {
			isa = XCConfigurationList;
			buildConfigurations = (
				A4D6C7F11FD67C9E0066251F /* Debug */,
				A4D6C7F21FD67C9E0066251F /* Release */,
			);
			defaultConfigurationIsVisible = 0;
			defaultConfigurationName = Debug;
		};
/* End XCConfigurationList section */

/* Begin XCVersionGroup section */
		A4D6C8081FD7D06C0066251F /* Model.xcdatamodeld */ = {
			isa = XCVersionGroup;
			children = (
				1826C27720285FF3007BD92D /* Model 8.xcdatamodel */,
				1826C26C20285CED007BD92D /* Model 7.xcdatamodel */,
				A4E1B0D91FE3EFF800EA1280 /* Model 6.xcdatamodel */,
				A49C03371FDEAB2300FB0D62 /* Model 5.xcdatamodel */,
				A4FC4AC61FDAB6270028704B /* Model 4.xcdatamodel */,
				A4D6C8481FD929A90066251F /* Model 3.xcdatamodel */,
				A4D6C83A1FD915CB0066251F /* Model 2.xcdatamodel */,
				A4D6C8091FD7D06C0066251F /* Model.xcdatamodel */,
			);
			currentVersion = 1826C27720285FF3007BD92D /* Model 8.xcdatamodel */;
			name = Model.xcdatamodeld;
			path = DataModel/Model.xcdatamodeld;
			sourceTree = "<group>";
			versionGroupType = wrapper.xcdatamodel;
		};
/* End XCVersionGroup section */
	};
	rootObject = A4D6C7B51FD67C9D0066251F /* Project object */;
}
